lockfileVersion: '9.0'

settings:
  autoInstallPeers: true
  excludeLinksFromLockfile: false

importers:

  .:
    dependencies:
      agent-skill-harbor:
        specifier: ^0.8.1
        version: 0.8.1

packages:

  agent-skill-harbor@0.8.1:
    resolution: {integrity: sha512-n38MF712OuMBK//ihX0U65vHOWU48os+VyLq8aglqYLk63J/14MgYctCp9mnmbTc5sjdH5Q0PJqU7CL912X6wQ==}
    engines: {node: '>=24'}
    hasBin: true

snapshots:

  agent-skill-harbor@0.8.1: {}
